{
  "version": 2,
  "dependencies": {
    "net9.0": {
      "CycloneDX.Core": {
        "type": "Direct",
        "requested": "[10.0.1, )",
        "resolved": "10.0.1",
        "contentHash": "l6WGQIlrzbCPBApU34pTDFg6BnMjSpm0nlnWJMW5oTflx+Iy4W56HF5Glwj+Al/VdqwxzeTfxV0NSlOatv6E9A==",
        "dependencies": {
          "JsonSchema.Net": "5.3.1",
          "System.Text.Json": "8.0.5",
          "protobuf-net": "3.2.45"
        }
      },
      "NuGet.ProjectModel": {
        "type": "Direct",
        "requested": "[7.0.1, )",
        "resolved": "7.0.1",
        "contentHash": "yvVxNBqWo6ctfdI6G/ZgPj7X6fZWOsSPS9D2MDRPcnaokaCRVESpGK1cgXIEkaOfo5leRVc3vhPEzOMXckwV9A==",
        "dependencies": {
          "NuGet.DependencyResolver.Core": "7.0.1"
        }
      },
      "NuGet.Protocol": {
        "type": "Direct",
        "requested": "[7.3.0, )",
        "resolved": "7.3.0",
        "contentHash": "QWx4Fko06Act+gVhB9UUc8Hzt0fnA8qQhD5SFn/xEis2ZZVzmatHmMdsc0SV7tyvCUlfG8DzQzYLF7fF4LvTyA==",
        "dependencies": {
          "NuGet.Packaging": "7.3.0"
        }
      },
      "System.CommandLine": {
        "type": "Direct",
        "requested": "[2.0.0, )",
        "resolved": "2.0.0",
        "contentHash": "Bjklzc5NoxqAGFi7BcGlY2TWAdB06Bq3a5sfRr3ubMRU80Mf98eyq3Y2UgR6xRV0TLznZmfe5T7mUjOunRNcdA=="
      },
      "System.IO.Abstractions": {
        "type": "Direct",
        "requested": "[22.1.0, )",
        "resolved": "22.1.0",
        "contentHash": "+QDwmFWQQ84FIRFkOGLwdhJWgOP2Qm+d73edWavzVvYrQ029jjB7CdT24L/F9QvGThN7uYZW6vLLSpvaUBC2Cw==",
        "dependencies": {
          "TestableIO.System.IO.Abstractions": "22.1.0",
          "TestableIO.System.IO.Abstractions.Wrappers": "22.1.0"
        }
      },
      "JetBrains.Annotations": {
        "type": "Transitive",
        "resolved": "2021.2.0",
        "contentHash": "kKSyoVfndMriKHLfYGmr0uzQuI4jcc3TKGyww7buJFCYeHb/X0kodYBPL7n9454q7v6ASiRmDgpPGaDGerg/Hg=="
      },
      "Json.More.Net": {
        "type": "Transitive",
        "resolved": "1.9.0",
        "contentHash": "MMjd2dOh32hLbcZg9YyA+7aEH9gu2cMTEAWrQY17in4+aEsPg2NtYTcwgWHJS9Tt2WUx+4iN1mNegR2uiEwsVQ==",
        "dependencies": {
          "System.Text.Json": "6.0.2"
        }
      },
      "JsonPointer.Net": {
        "type": "Transitive",
        "resolved": "3.0.3",
        "contentHash": "mCGQc15lHLp1R2CVhWiipnZurHXm93+LbPPAT/vXQm5PdHt6WQuYLhaEF8VZ+aXL9P2I6bGND6pDTEfqFs6gig==",
        "dependencies": {
          "Json.More.Net": "1.8.0"
        }
      },
      "JsonSchema.Net": {
        "type": "Transitive",
        "resolved": "5.3.1",
        "contentHash": "1Ox9kMtire1U1O+obAKGbO8i8MAWbRTKDBda1GpNaEN6sxQUFD7h9laBZ1WmXFVbsv9grTBFfYJi/I/5zoPvsQ==",
        "dependencies": {
          "JetBrains.Annotations": "2021.2.0",
          "Json.More.Net": "1.9.0",
          "JsonPointer.Net": "3.0.3"
        }
      },
      "Newtonsoft.Json": {
        "type": "Transitive",
        "resolved": "13.0.3",
        "contentHash": "HrC5BXdl00IP9zeV+0Z848QWPAoCr9P3bDEZguI+gkLcBKAOxix/tLEAAHC+UvDNPv4a2d18lOReHMOagPa+zQ=="
      },
      "NuGet.Common": {
        "type": "Transitive",
        "resolved": "7.3.0",
        "contentHash": "y+7cQuzc6zePfo3GdueKgFAfE06pyNv1EGeordAMXotm6WEJw/m7UHv7GSLnib2HEPpzUk4Wvxgn9VgWkIe6Yw==",
        "dependencies": {
          "NuGet.Frameworks": "7.3.0"
        }
      },
      "NuGet.Configuration": {
        "type": "Transitive",
        "resolved": "7.3.0",
        "contentHash": "9qNpnZP73pfGm1MYET78OCW/HNnKNZpTfWPB2z/EyxQnfWtJBANeFyogX8s7S+oWMbR+EG2w6jbDVKdvVJfCXA==",
        "dependencies": {
          "NuGet.Common": "7.3.0",
          "System.Security.Cryptography.ProtectedData": "8.0.0"
        }
      },
      "NuGet.DependencyResolver.Core": {
        "type": "Transitive",
        "resolved": "7.0.1",
        "contentHash": "DnkfIlL5qa/bQXFoATE0wSpEAVxpkVDax+jxLlIwO8P098hVGfXClTbg0O5ujbRG2YkqSk4ZVltAs6Uvvi3HAw==",
        "dependencies": {
          "NuGet.Configuration": "7.0.1",
          "NuGet.LibraryModel": "7.0.1",
          "NuGet.Protocol": "7.0.1"
        }
      },
      "NuGet.Frameworks": {
        "type": "Transitive",
        "resolved": "7.3.0",
        "contentHash": "AnhSFUOrCrWp7pGtqhfOxa5HKm4rfpQxuatGDKzpGtTczasj6OcGVtB74PyqW7osdu9/BtkjnkAYvNk5iT82Gg=="
      },
      "NuGet.LibraryModel": {
        "type": "Transitive",
        "resolved": "7.0.1",
        "contentHash": "/JyiZ2ueI1AiYp6UNJmiyM6DgbSO3FUcxyPdyUsczJa/I7swpKSP8QizvDlRR/thp2CiyyEMvbbbANhCbOWzLQ==",
        "dependencies": {
          "NuGet.Common": "7.0.1",
          "NuGet.Versioning": "7.0.1"
        }
      },
      "NuGet.Packaging": {
        "type": "Transitive",
        "resolved": "7.3.0",
        "contentHash": "yvmJ8LUPUVMm2DAKSK3+QfJKoCxQR1NuyPYLHqFHb1zmUcGwq+IvSl/4JjUivJDztXnI9GSVlE/SjQLsRJPoYw==",
        "dependencies": {
          "Newtonsoft.Json": "13.0.3",
          "NuGet.Configuration": "7.3.0",
          "NuGet.Versioning": "7.3.0",
          "System.Security.Cryptography.Pkcs": "8.0.1"
        }
      },
      "NuGet.Versioning": {
        "type": "Transitive",
        "resolved": "7.3.0",
        "contentHash": "iOQPAdnVgj2U+K3AcdGGGcdS1tWyh3nvr64eqTDFCsDuHySBXSHRhl7eR8hdc0BZHxDjacRstbuaJKCurt2oPw=="
      },
      "protobuf-net": {
        "type": "Transitive",
        "resolved": "3.2.45",
        "contentHash": "5UZ/ukUHcGbFSl7vNMrHsfjqdxusdd9w7w0fCEXzf3UUtsrGNVCzV5SmF+sCHAbnRV2qPcD1ixiDP7Aj8lX/HA==",
        "dependencies": {
          "protobuf-net.Core": "3.2.45"
        }
      },
      "protobuf-net.Core": {
        "type": "Transitive",
        "resolved": "3.2.45",
        "contentHash": "PMWatW2NrT1uTXD7etJ4VdQ0wWZLFrIfdRGppD2QX7nzZ0+kIzqhq551u6ZiXJHWJgG4hWFEkSnUnt2aB6posg==",
        "dependencies": {
          "System.Collections.Immutable": "7.0.0"
        }
      },
      "System.Collections.Immutable": {
        "type": "Transitive",
        "resolved": "7.0.0",
        "contentHash": "dQPcs0U1IKnBdRDBkrCTi1FoajSTBzLcVTpjO4MBCMC7f4pDOIPzgBoX8JjG7X6uZRJ8EBxsi8+DR1JuwjnzOQ=="
      },
      "System.Security.Cryptography.Pkcs": {
        "type": "Transitive",
        "resolved": "8.0.1",
        "contentHash": "CoCRHFym33aUSf/NtWSVSZa99dkd0Hm7OCZUxORBjRB16LNhIEOf8THPqzIYlvKM0nNDAPTRBa1FxEECrgaxxA=="
      },
      "System.Security.Cryptography.ProtectedData": {
        "type": "Transitive",
        "resolved": "8.0.0",
        "contentHash": "+TUFINV2q2ifyXauQXRwy4CiBhqvDEDZeVJU7qfxya4aRYOKzVBpN+4acx25VcPB9ywUN6C0n8drWl110PhZEg=="
      },
      "System.Text.Json": {
        "type": "Transitive",
        "resolved": "8.0.5",
        "contentHash": "0f1B50Ss7rqxXiaBJyzUu9bWFOO2/zSlifZ/UNMdiIpDYe4cY4LQQicP4nirK1OS31I43rn062UIJ1Q9bpmHpg=="
      },
      "TestableIO.System.IO.Abstractions": {
        "type": "Transitive",
        "resolved": "22.1.0",
        "contentHash": "YQ/IuNE8gP/+yNwQjdqd6DKhB9ADGjosxuY2IMXcQ3729iXa9QRsPlmIBpk73L0s9E2b+MTYhAR/2Spk8REjvA==",
        "dependencies": {
          "Testably.Abstractions.FileSystem.Interface": "10.0.0"
        }
      },
      "TestableIO.System.IO.Abstractions.Wrappers": {
        "type": "Transitive",
        "resolved": "22.1.0",
        "contentHash": "IsW3jQqIiTN4GwdWFx+dzgRL5XR75UDTFVGuuIackPf2d7eH0KKyrx4wuIoASa1XnS9zhgLP39FKwJq6nbbx1w==",
        "dependencies": {
          "Testably.Abstractions.FileSystem.Interface": "10.0.0"
        }
      },
      "Testably.Abstractions.FileSystem.Interface": {
        "type": "Transitive",
        "resolved": "10.0.0",
        "contentHash": "tZOXFLGjkh8TxgMgKeEcM2HAlz9DwndGl6TFLo6ISHcszFX3FkuPMrtVbmqVjhooWNXrgJ/a9cH9ym5MZL1LAg=="
      }
    }
  }
}