{
  "version": 2,
  "dependencies": {
    "net8.0": {
      "CycloneDX.Core": {
        "type": "Direct",
        "requested": "[9.0.2, )",
        "resolved": "9.0.2",
        "contentHash": "EYXAvN6o81KXZIGebEd7pkNl5V43nFfvFXX/rDErh12kSqU5YKWhstED8UDFFNdTjW7Uop433K8H1rD92FtJVw==",
        "dependencies": {
          "JsonSchema.Net": "5.3.1",
          "System.Text.Json": "8.0.5",
          "protobuf-net": "3.2.45"
        }
      },
      "NuGet.ProjectModel": {
        "type": "Direct",
        "requested": "[6.14.0, )",
        "resolved": "6.14.0",
        "contentHash": "gM+d9DZTSwkNSqhLiCIQvkacF8BOjRlDk1ldt2H42SC0QU62lSpD79R5Z9dUrVbHkzxGgaA9u1S042KUy/tdzg==",
        "dependencies": {
          "NuGet.DependencyResolver.Core": "6.14.0"
        }
      },
      "NuGet.Protocol": {
        "type": "Direct",
        "requested": "[6.14.0, )",
        "resolved": "6.14.0",
        "contentHash": "hYk9j/ZKErdiK0tFaqsrRtT5q+sJ2VjCUrgFCQG2wGhAlmb8YaBzYLOGDvRdFwuvTi5I+KRuVHPqhc010Np1Bg==",
        "dependencies": {
          "NuGet.Packaging": "6.14.0"
        }
      },
      "System.CommandLine": {
        "type": "Direct",
        "requested": "[2.0.0-beta4.22272.1, )",
        "resolved": "2.0.0-beta4.22272.1",
        "contentHash": "1uqED/q2H0kKoLJ4+hI2iPSBSEdTuhfCYADeJrAqERmiGQ2NNacYKRNEQ+gFbU4glgVyK8rxI+ZOe1onEtr/Pg=="
      },
      "System.IO.Abstractions": {
        "type": "Direct",
        "requested": "[21.0.2, )",
        "resolved": "21.0.2",
        "contentHash": "ewYQGK0kzOpfiYCF0P0nqPAnKqGhqiXAWDFeMtQtwJyERA2s7nLx7KEALwDvIFjZvX6677IsPREoLIU9oBOQvA==",
        "dependencies": {
          "TestableIO.System.IO.Abstractions": "21.0.2",
          "TestableIO.System.IO.Abstractions.Wrappers": "21.0.2"
        }
      },
      "JetBrains.Annotations": {
        "type": "Transitive",
        "resolved": "2021.2.0",
        "contentHash": "kKSyoVfndMriKHLfYGmr0uzQuI4jcc3TKGyww7buJFCYeHb/X0kodYBPL7n9454q7v6ASiRmDgpPGaDGerg/Hg=="
      },
      "Json.More.Net": {
        "type": "Transitive",
        "resolved": "1.9.0",
        "contentHash": "MMjd2dOh32hLbcZg9YyA+7aEH9gu2cMTEAWrQY17in4+aEsPg2NtYTcwgWHJS9Tt2WUx+4iN1mNegR2uiEwsVQ==",
        "dependencies": {
          "System.Text.Json": "6.0.2"
        }
      },
      "JsonPointer.Net": {
        "type": "Transitive",
        "resolved": "3.0.3",
        "contentHash": "mCGQc15lHLp1R2CVhWiipnZurHXm93+LbPPAT/vXQm5PdHt6WQuYLhaEF8VZ+aXL9P2I6bGND6pDTEfqFs6gig==",
        "dependencies": {
          "Json.More.Net": "1.8.0"
        }
      },
      "JsonSchema.Net": {
        "type": "Transitive",
        "resolved": "5.3.1",
        "contentHash": "1Ox9kMtire1U1O+obAKGbO8i8MAWbRTKDBda1GpNaEN6sxQUFD7h9laBZ1WmXFVbsv9grTBFfYJi/I/5zoPvsQ==",
        "dependencies": {
          "JetBrains.Annotations": "2021.2.0",
          "Json.More.Net": "1.9.0",
          "JsonPointer.Net": "3.0.3"
        }
      },
      "Newtonsoft.Json": {
        "type": "Transitive",
        "resolved": "13.0.3",
        "contentHash": "HrC5BXdl00IP9zeV+0Z848QWPAoCr9P3bDEZguI+gkLcBKAOxix/tLEAAHC+UvDNPv4a2d18lOReHMOagPa+zQ=="
      },
      "NuGet.Common": {
        "type": "Transitive",
        "resolved": "6.14.0",
        "contentHash": "E+IyoDez4kPrjNPYp41fScowTuSjGifXfjrtU9p9XlQDOGig6vrikQDCMeo6BT6YmT9vUZ+Tb1CX8ru8z0bkNg==",
        "dependencies": {
          "NuGet.Frameworks": "6.14.0",
          "System.Collections.Immutable": "8.0.0"
        }
      },
      "NuGet.Configuration": {
        "type": "Transitive",
        "resolved": "6.14.0",
        "contentHash": "YwoF+Nm0IGdNP/LQ97xysCQlhy4oWIzD4oGcbvz5bQGogPrqn/5lSGwP8llmVv+zfJ6tZZDAT9vh4Q+gH0Aqqg==",
        "dependencies": {
          "NuGet.Common": "6.14.0",
          "System.Security.Cryptography.ProtectedData": "4.4.0"
        }
      },
      "NuGet.DependencyResolver.Core": {
        "type": "Transitive",
        "resolved": "6.14.0",
        "contentHash": "+HzFyz325QlTMmmKXLvBxWUqpJTw8eW+6Jj5WLpur7PtiW5OJlQtex1GToT5XcVzSu7vUALAyALt/LMS5GCUDw==",
        "dependencies": {
          "NuGet.Configuration": "6.14.0",
          "NuGet.LibraryModel": "6.14.0",
          "NuGet.Protocol": "6.14.0"
        }
      },
      "NuGet.Frameworks": {
        "type": "Transitive",
        "resolved": "6.14.0",
        "contentHash": "xZ37J58DQAkVUX29qoMwla26iBYRScdcfSGNe1FIZjCX1tpafN9n7TinrkRxaJqYzW0D8Ob8a3eRSYhwEUauCA=="
      },
      "NuGet.LibraryModel": {
        "type": "Transitive",
        "resolved": "6.14.0",
        "contentHash": "XzeNUtcPDo+FpjifUd6R1gdex1YtnyyEq5xHzHurNgythHCL2N56MOMCrOOEwB5zcOz19GHn3fFtbpMcfph7YA==",
        "dependencies": {
          "NuGet.Common": "6.14.0",
          "NuGet.Versioning": "6.14.0",
          "System.Collections.Immutable": "8.0.0"
        }
      },
      "NuGet.Packaging": {
        "type": "Transitive",
        "resolved": "6.14.0",
        "contentHash": "BpQlGpkuAhrh6x00mGvwK13a5c30vX3FYQbWI11LIyXl/nWmoOQSZrB3yEAh9ihibeGo8SunWZBGXvkkJUxbEg==",
        "dependencies": {
          "Newtonsoft.Json": "13.0.3",
          "NuGet.Configuration": "6.14.0",
          "NuGet.Versioning": "6.14.0",
          "System.Security.Cryptography.Pkcs": "6.0.4"
        }
      },
      "NuGet.Versioning": {
        "type": "Transitive",
        "resolved": "6.14.0",
        "contentHash": "4v4blkhCv8mpKtfx+z0G/X0daVCzdIaHSC51GkUspugi5JIMn2Bo8xm5PdZYF0U68gOBfz/+aPWMnpRd85Jbow=="
      },
      "protobuf-net": {
        "type": "Transitive",
        "resolved": "3.2.45",
        "contentHash": "5UZ/ukUHcGbFSl7vNMrHsfjqdxusdd9w7w0fCEXzf3UUtsrGNVCzV5SmF+sCHAbnRV2qPcD1ixiDP7Aj8lX/HA==",
        "dependencies": {
          "protobuf-net.Core": "3.2.45"
        }
      },
      "protobuf-net.Core": {
        "type": "Transitive",
        "resolved": "3.2.45",
        "contentHash": "PMWatW2NrT1uTXD7etJ4VdQ0wWZLFrIfdRGppD2QX7nzZ0+kIzqhq551u6ZiXJHWJgG4hWFEkSnUnt2aB6posg==",
        "dependencies": {
          "System.Collections.Immutable": "7.0.0"
        }
      },
      "System.Collections.Immutable": {
        "type": "Transitive",
        "resolved": "8.0.0",
        "contentHash": "AurL6Y5BA1WotzlEvVaIDpqzpIPvYnnldxru8oXJU2yFxFUy3+pNXjXd1ymO+RA0rq0+590Q8gaz2l3Sr7fmqg=="
      },
      "System.Formats.Asn1": {
        "type": "Transitive",
        "resolved": "6.0.0",
        "contentHash": "T6fD00dQ3NTbPDy31m4eQUwKW84s03z0N2C8HpOklyeaDgaJPa/TexP4/SkORMSOwc7WhKifnA6Ya33AkzmafA=="
      },
      "System.Security.Cryptography.Pkcs": {
        "type": "Transitive",
        "resolved": "6.0.4",
        "contentHash": "LGbXi1oUJ9QgCNGXRO9ndzBL/GZgANcsURpMhNR8uO+rca47SZmciS3RSQUvlQRwK3QHZSHNOXzoMUASKA+Anw==",
        "dependencies": {
          "System.Formats.Asn1": "6.0.0"
        }
      },
      "System.Security.Cryptography.ProtectedData": {
        "type": "Transitive",
        "resolved": "4.4.0",
        "contentHash": "cJV7ScGW7EhatRsjehfvvYVBvtiSMKgN8bOVI0bQhnF5bU7vnHVIsH49Kva7i7GWaWYvmEzkYVk1TC+gZYBEog=="
      },
      "System.Text.Json": {
        "type": "Transitive",
        "resolved": "8.0.5",
        "contentHash": "0f1B50Ss7rqxXiaBJyzUu9bWFOO2/zSlifZ/UNMdiIpDYe4cY4LQQicP4nirK1OS31I43rn062UIJ1Q9bpmHpg=="
      },
      "TestableIO.System.IO.Abstractions": {
        "type": "Transitive",
        "resolved": "21.0.2",
        "contentHash": "ViPtOy4lAlmWq9GDEwiE5C9XSgDGHUWMRvVvruI38pbikUXkgu7xnCVW7PYdQOjS+iWWcQHt+U7oyPedfnWSHg=="
      },
      "TestableIO.System.IO.Abstractions.Wrappers": {
        "type": "Transitive",
        "resolved": "21.0.2",
        "contentHash": "ii6Xgru3ozRaLezwE/lKAPTdE3ES+S3P3ul+QrMxIP10GN+LF0JAi4aWqb8lxzEAwBMSAeK/QipEpVt4KYlTOg==",
        "dependencies": {
          "TestableIO.System.IO.Abstractions": "21.0.2"
        }
      }
    },
    "net9.0": {
      "CycloneDX.Core": {
        "type": "Direct",
        "requested": "[9.0.2, )",
        "resolved": "9.0.2",
        "contentHash": "EYXAvN6o81KXZIGebEd7pkNl5V43nFfvFXX/rDErh12kSqU5YKWhstED8UDFFNdTjW7Uop433K8H1rD92FtJVw==",
        "dependencies": {
          "JsonSchema.Net": "5.3.1",
          "System.Text.Json": "8.0.5",
          "protobuf-net": "3.2.45"
        }
      },
      "NuGet.ProjectModel": {
        "type": "Direct",
        "requested": "[6.14.0, )",
        "resolved": "6.14.0",
        "contentHash": "gM+d9DZTSwkNSqhLiCIQvkacF8BOjRlDk1ldt2H42SC0QU62lSpD79R5Z9dUrVbHkzxGgaA9u1S042KUy/tdzg==",
        "dependencies": {
          "NuGet.DependencyResolver.Core": "6.14.0"
        }
      },
      "NuGet.Protocol": {
        "type": "Direct",
        "requested": "[6.14.0, )",
        "resolved": "6.14.0",
        "contentHash": "hYk9j/ZKErdiK0tFaqsrRtT5q+sJ2VjCUrgFCQG2wGhAlmb8YaBzYLOGDvRdFwuvTi5I+KRuVHPqhc010Np1Bg==",
        "dependencies": {
          "NuGet.Packaging": "6.14.0"
        }
      },
      "System.CommandLine": {
        "type": "Direct",
        "requested": "[2.0.0-beta4.22272.1, )",
        "resolved": "2.0.0-beta4.22272.1",
        "contentHash": "1uqED/q2H0kKoLJ4+hI2iPSBSEdTuhfCYADeJrAqERmiGQ2NNacYKRNEQ+gFbU4glgVyK8rxI+ZOe1onEtr/Pg=="
      },
      "System.IO.Abstractions": {
        "type": "Direct",
        "requested": "[21.0.2, )",
        "resolved": "21.0.2",
        "contentHash": "ewYQGK0kzOpfiYCF0P0nqPAnKqGhqiXAWDFeMtQtwJyERA2s7nLx7KEALwDvIFjZvX6677IsPREoLIU9oBOQvA==",
        "dependencies": {
          "TestableIO.System.IO.Abstractions": "21.0.2",
          "TestableIO.System.IO.Abstractions.Wrappers": "21.0.2"
        }
      },
      "JetBrains.Annotations": {
        "type": "Transitive",
        "resolved": "2021.2.0",
        "contentHash": "kKSyoVfndMriKHLfYGmr0uzQuI4jcc3TKGyww7buJFCYeHb/X0kodYBPL7n9454q7v6ASiRmDgpPGaDGerg/Hg=="
      },
      "Json.More.Net": {
        "type": "Transitive",
        "resolved": "1.9.0",
        "contentHash": "MMjd2dOh32hLbcZg9YyA+7aEH9gu2cMTEAWrQY17in4+aEsPg2NtYTcwgWHJS9Tt2WUx+4iN1mNegR2uiEwsVQ==",
        "dependencies": {
          "System.Text.Json": "6.0.2"
        }
      },
      "JsonPointer.Net": {
        "type": "Transitive",
        "resolved": "3.0.3",
        "contentHash": "mCGQc15lHLp1R2CVhWiipnZurHXm93+LbPPAT/vXQm5PdHt6WQuYLhaEF8VZ+aXL9P2I6bGND6pDTEfqFs6gig==",
        "dependencies": {
          "Json.More.Net": "1.8.0"
        }
      },
      "JsonSchema.Net": {
        "type": "Transitive",
        "resolved": "5.3.1",
        "contentHash": "1Ox9kMtire1U1O+obAKGbO8i8MAWbRTKDBda1GpNaEN6sxQUFD7h9laBZ1WmXFVbsv9grTBFfYJi/I/5zoPvsQ==",
        "dependencies": {
          "JetBrains.Annotations": "2021.2.0",
          "Json.More.Net": "1.9.0",
          "JsonPointer.Net": "3.0.3"
        }
      },
      "Newtonsoft.Json": {
        "type": "Transitive",
        "resolved": "13.0.3",
        "contentHash": "HrC5BXdl00IP9zeV+0Z848QWPAoCr9P3bDEZguI+gkLcBKAOxix/tLEAAHC+UvDNPv4a2d18lOReHMOagPa+zQ=="
      },
      "NuGet.Common": {
        "type": "Transitive",
        "resolved": "6.14.0",
        "contentHash": "E+IyoDez4kPrjNPYp41fScowTuSjGifXfjrtU9p9XlQDOGig6vrikQDCMeo6BT6YmT9vUZ+Tb1CX8ru8z0bkNg==",
        "dependencies": {
          "NuGet.Frameworks": "6.14.0",
          "System.Collections.Immutable": "8.0.0"
        }
      },
      "NuGet.Configuration": {
        "type": "Transitive",
        "resolved": "6.14.0",
        "contentHash": "YwoF+Nm0IGdNP/LQ97xysCQlhy4oWIzD4oGcbvz5bQGogPrqn/5lSGwP8llmVv+zfJ6tZZDAT9vh4Q+gH0Aqqg==",
        "dependencies": {
          "NuGet.Common": "6.14.0",
          "System.Security.Cryptography.ProtectedData": "4.4.0"
        }
      },
      "NuGet.DependencyResolver.Core": {
        "type": "Transitive",
        "resolved": "6.14.0",
        "contentHash": "+HzFyz325QlTMmmKXLvBxWUqpJTw8eW+6Jj5WLpur7PtiW5OJlQtex1GToT5XcVzSu7vUALAyALt/LMS5GCUDw==",
        "dependencies": {
          "NuGet.Configuration": "6.14.0",
          "NuGet.LibraryModel": "6.14.0",
          "NuGet.Protocol": "6.14.0"
        }
      },
      "NuGet.Frameworks": {
        "type": "Transitive",
        "resolved": "6.14.0",
        "contentHash": "xZ37J58DQAkVUX29qoMwla26iBYRScdcfSGNe1FIZjCX1tpafN9n7TinrkRxaJqYzW0D8Ob8a3eRSYhwEUauCA=="
      },
      "NuGet.LibraryModel": {
        "type": "Transitive",
        "resolved": "6.14.0",
        "contentHash": "XzeNUtcPDo+FpjifUd6R1gdex1YtnyyEq5xHzHurNgythHCL2N56MOMCrOOEwB5zcOz19GHn3fFtbpMcfph7YA==",
        "dependencies": {
          "NuGet.Common": "6.14.0",
          "NuGet.Versioning": "6.14.0",
          "System.Collections.Immutable": "8.0.0"
        }
      },
      "NuGet.Packaging": {
        "type": "Transitive",
        "resolved": "6.14.0",
        "contentHash": "BpQlGpkuAhrh6x00mGvwK13a5c30vX3FYQbWI11LIyXl/nWmoOQSZrB3yEAh9ihibeGo8SunWZBGXvkkJUxbEg==",
        "dependencies": {
          "Newtonsoft.Json": "13.0.3",
          "NuGet.Configuration": "6.14.0",
          "NuGet.Versioning": "6.14.0",
          "System.Security.Cryptography.Pkcs": "6.0.4"
        }
      },
      "NuGet.Versioning": {
        "type": "Transitive",
        "resolved": "6.14.0",
        "contentHash": "4v4blkhCv8mpKtfx+z0G/X0daVCzdIaHSC51GkUspugi5JIMn2Bo8xm5PdZYF0U68gOBfz/+aPWMnpRd85Jbow=="
      },
      "protobuf-net": {
        "type": "Transitive",
        "resolved": "3.2.45",
        "contentHash": "5UZ/ukUHcGbFSl7vNMrHsfjqdxusdd9w7w0fCEXzf3UUtsrGNVCzV5SmF+sCHAbnRV2qPcD1ixiDP7Aj8lX/HA==",
        "dependencies": {
          "protobuf-net.Core": "3.2.45"
        }
      },
      "protobuf-net.Core": {
        "type": "Transitive",
        "resolved": "3.2.45",
        "contentHash": "PMWatW2NrT1uTXD7etJ4VdQ0wWZLFrIfdRGppD2QX7nzZ0+kIzqhq551u6ZiXJHWJgG4hWFEkSnUnt2aB6posg==",
        "dependencies": {
          "System.Collections.Immutable": "7.0.0"
        }
      },
      "System.Collections.Immutable": {
        "type": "Transitive",
        "resolved": "8.0.0",
        "contentHash": "AurL6Y5BA1WotzlEvVaIDpqzpIPvYnnldxru8oXJU2yFxFUy3+pNXjXd1ymO+RA0rq0+590Q8gaz2l3Sr7fmqg=="
      },
      "System.Formats.Asn1": {
        "type": "Transitive",
        "resolved": "6.0.0",
        "contentHash": "T6fD00dQ3NTbPDy31m4eQUwKW84s03z0N2C8HpOklyeaDgaJPa/TexP4/SkORMSOwc7WhKifnA6Ya33AkzmafA=="
      },
      "System.Security.Cryptography.Pkcs": {
        "type": "Transitive",
        "resolved": "6.0.4",
        "contentHash": "LGbXi1oUJ9QgCNGXRO9ndzBL/GZgANcsURpMhNR8uO+rca47SZmciS3RSQUvlQRwK3QHZSHNOXzoMUASKA+Anw==",
        "dependencies": {
          "System.Formats.Asn1": "6.0.0"
        }
      },
      "System.Security.Cryptography.ProtectedData": {
        "type": "Transitive",
        "resolved": "4.4.0",
        "contentHash": "cJV7ScGW7EhatRsjehfvvYVBvtiSMKgN8bOVI0bQhnF5bU7vnHVIsH49Kva7i7GWaWYvmEzkYVk1TC+gZYBEog=="
      },
      "System.Text.Json": {
        "type": "Transitive",
        "resolved": "8.0.5",
        "contentHash": "0f1B50Ss7rqxXiaBJyzUu9bWFOO2/zSlifZ/UNMdiIpDYe4cY4LQQicP4nirK1OS31I43rn062UIJ1Q9bpmHpg=="
      },
      "TestableIO.System.IO.Abstractions": {
        "type": "Transitive",
        "resolved": "21.0.2",
        "contentHash": "ViPtOy4lAlmWq9GDEwiE5C9XSgDGHUWMRvVvruI38pbikUXkgu7xnCVW7PYdQOjS+iWWcQHt+U7oyPedfnWSHg=="
      },
      "TestableIO.System.IO.Abstractions.Wrappers": {
        "type": "Transitive",
        "resolved": "21.0.2",
        "contentHash": "ii6Xgru3ozRaLezwE/lKAPTdE3ES+S3P3ul+QrMxIP10GN+LF0JAi4aWqb8lxzEAwBMSAeK/QipEpVt4KYlTOg==",
        "dependencies": {
          "TestableIO.System.IO.Abstractions": "21.0.2"
        }
      }
    }
  }
}