{
  "version": 2,
  "dependencies": {
    "net10.0": {
      "CycloneDX.Core": {
        "type": "Direct",
        "requested": "[11.0.0, )",
        "resolved": "11.0.0",
        "contentHash": "7W4Eo9p3hGYZm3nniT3aSOdE4OZmDtKbWKs6oHEP09x+yjbp1IJaXDhmzGstvN6TaQy+MDjI4/WcVHricog1sQ==",
        "dependencies": {
          "JsonSchema.Net": "5.3.1",
          "protobuf-net": "3.2.45"
        }
      },
      "NuGet.ProjectModel": {
        "type": "Direct",
        "requested": "[7.0.1, )",
        "resolved": "7.0.1",
        "contentHash": "yvVxNBqWo6ctfdI6G/ZgPj7X6fZWOsSPS9D2MDRPcnaokaCRVESpGK1cgXIEkaOfo5leRVc3vhPEzOMXckwV9A==",
        "dependencies": {
          "NuGet.DependencyResolver.Core": "7.0.1"
        }
      },
      "NuGet.Protocol": {
        "type": "Direct",
        "requested": "[7.0.1, )",
        "resolved": "7.0.1",
        "contentHash": "bYPzTqgOSsXV8AxXXFCCPtAtlxwph0DVtdM8AlaKTGLClHDx7VAlL4cCIcVl2iEzQuG1uC79SvzllvKi1grcNw==",
        "dependencies": {
          "NuGet.Packaging": "7.0.1"
        }
      },
      "System.CommandLine": {
        "type": "Direct",
        "requested": "[2.0.0, )",
        "resolved": "2.0.0",
        "contentHash": "Bjklzc5NoxqAGFi7BcGlY2TWAdB06Bq3a5sfRr3ubMRU80Mf98eyq3Y2UgR6xRV0TLznZmfe5T7mUjOunRNcdA=="
      },
      "System.IO.Abstractions": {
        "type": "Direct",
        "requested": "[22.1.0, )",
        "resolved": "22.1.0",
        "contentHash": "+QDwmFWQQ84FIRFkOGLwdhJWgOP2Qm+d73edWavzVvYrQ029jjB7CdT24L/F9QvGThN7uYZW6vLLSpvaUBC2Cw==",
        "dependencies": {
          "TestableIO.System.IO.Abstractions": "22.1.0",
          "TestableIO.System.IO.Abstractions.Wrappers": "22.1.0"
        }
      },
      "JetBrains.Annotations": {
        "type": "Transitive",
        "resolved": "2021.2.0",
        "contentHash": "kKSyoVfndMriKHLfYGmr0uzQuI4jcc3TKGyww7buJFCYeHb/X0kodYBPL7n9454q7v6ASiRmDgpPGaDGerg/Hg=="
      },
      "Json.More.Net": {
        "type": "Transitive",
        "resolved": "1.9.0",
        "contentHash": "MMjd2dOh32hLbcZg9YyA+7aEH9gu2cMTEAWrQY17in4+aEsPg2NtYTcwgWHJS9Tt2WUx+4iN1mNegR2uiEwsVQ=="
      },
      "JsonPointer.Net": {
        "type": "Transitive",
        "resolved": "3.0.3",
        "contentHash": "mCGQc15lHLp1R2CVhWiipnZurHXm93+LbPPAT/vXQm5PdHt6WQuYLhaEF8VZ+aXL9P2I6bGND6pDTEfqFs6gig==",
        "dependencies": {
          "Json.More.Net": "1.8.0"
        }
      },
      "JsonSchema.Net": {
        "type": "Transitive",
        "resolved": "5.3.1",
        "contentHash": "1Ox9kMtire1U1O+obAKGbO8i8MAWbRTKDBda1GpNaEN6sxQUFD7h9laBZ1WmXFVbsv9grTBFfYJi/I/5zoPvsQ==",
        "dependencies": {
          "JetBrains.Annotations": "2021.2.0",
          "Json.More.Net": "1.9.0",
          "JsonPointer.Net": "3.0.3"
        }
      },
      "Newtonsoft.Json": {
        "type": "Transitive",
        "resolved": "13.0.3",
        "contentHash": "HrC5BXdl00IP9zeV+0Z848QWPAoCr9P3bDEZguI+gkLcBKAOxix/tLEAAHC+UvDNPv4a2d18lOReHMOagPa+zQ=="
      },
      "NuGet.Common": {
        "type": "Transitive",
        "resolved": "7.0.1",
        "contentHash": "AegMASeOhhm2flGk53b/YtINs2H+zKMnV5fTs3rRo08JMQ3gqrbJUSjiEMOKt5d541IhVA+pHDWVsDCZ+5g7Fg==",
        "dependencies": {
          "NuGet.Frameworks": "7.0.1"
        }
      },
      "NuGet.Configuration": {
        "type": "Transitive",
        "resolved": "7.0.1",
        "contentHash": "En8aIvZywOmgi+Q2Tv7VUELSYc3OCTwmzItr2N3j5pVIBQE92HbOa1b4+fJJbl9X/rAOkNon3fxjwYeqrdMRrw==",
        "dependencies": {
          "NuGet.Common": "7.0.1",
          "System.Security.Cryptography.ProtectedData": "9.0.6"
        }
      },
      "NuGet.DependencyResolver.Core": {
        "type": "Transitive",
        "resolved": "7.0.1",
        "contentHash": "DnkfIlL5qa/bQXFoATE0wSpEAVxpkVDax+jxLlIwO8P098hVGfXClTbg0O5ujbRG2YkqSk4ZVltAs6Uvvi3HAw==",
        "dependencies": {
          "NuGet.Configuration": "7.0.1",
          "NuGet.LibraryModel": "7.0.1",
          "NuGet.Protocol": "7.0.1"
        }
      },
      "NuGet.Frameworks": {
        "type": "Transitive",
        "resolved": "7.0.1",
        "contentHash": "dUDwg8VYTyT+ZbLdC7hUUHFF530HeRl4jcxclKJY0o96f3nv0eZvojXwjRkq2HKzuyRCcVD4T24aEF83CUmBzA=="
      },
      "NuGet.LibraryModel": {
        "type": "Transitive",
        "resolved": "7.0.1",
        "contentHash": "/JyiZ2ueI1AiYp6UNJmiyM6DgbSO3FUcxyPdyUsczJa/I7swpKSP8QizvDlRR/thp2CiyyEMvbbbANhCbOWzLQ==",
        "dependencies": {
          "NuGet.Common": "7.0.1",
          "NuGet.Versioning": "7.0.1"
        }
      },
      "NuGet.Packaging": {
        "type": "Transitive",
        "resolved": "7.0.1",
        "contentHash": "hpC6Fx5VlMa42cSZDQ10TKDFHLoMpa8NbDwYSnCiGd4IPiG9+5ywWuxHjVbYYA7/PmJry5hs1GyJjvHV8bQmLw==",
        "dependencies": {
          "Newtonsoft.Json": "13.0.3",
          "NuGet.Configuration": "7.0.1",
          "NuGet.Versioning": "7.0.1",
          "System.Security.Cryptography.Pkcs": "9.0.6"
        }
      },
      "NuGet.Versioning": {
        "type": "Transitive",
        "resolved": "7.0.1",
        "contentHash": "tu68LnZqiLM/VyLQzPRqedopMi/M+5/6JqwB2Xkd0AWXRpUWewkVv77asVB7wgjMPVzQFK2sBy7AuxV49UzuvQ=="
      },
      "protobuf-net": {
        "type": "Transitive",
        "resolved": "3.2.45",
        "contentHash": "5UZ/ukUHcGbFSl7vNMrHsfjqdxusdd9w7w0fCEXzf3UUtsrGNVCzV5SmF+sCHAbnRV2qPcD1ixiDP7Aj8lX/HA==",
        "dependencies": {
          "protobuf-net.Core": "3.2.45"
        }
      },
      "protobuf-net.Core": {
        "type": "Transitive",
        "resolved": "3.2.45",
        "contentHash": "PMWatW2NrT1uTXD7etJ4VdQ0wWZLFrIfdRGppD2QX7nzZ0+kIzqhq551u6ZiXJHWJgG4hWFEkSnUnt2aB6posg=="
      },
      "System.Security.Cryptography.Pkcs": {
        "type": "Transitive",
        "resolved": "9.0.6",
        "contentHash": "Gny8p2mX0jc5rjh+PA4Gx5GG66sj2C+e+ro7+j/3IsKT/bmQ84tGRV+XKaG+5/CTCdwkSSKDWEQ1rJd0J5jE0Q=="
      },
      "System.Security.Cryptography.ProtectedData": {
        "type": "Transitive",
        "resolved": "9.0.6",
        "contentHash": "yErfw/3pZkJE/VKza/Cm5idTpIKOy/vsmVi59Ta5SruPVtubzxb8CtnE8tyUpzs5pr0Y28GUFfSVzAhCLN3F/Q=="
      },
      "TestableIO.System.IO.Abstractions": {
        "type": "Transitive",
        "resolved": "22.1.0",
        "contentHash": "YQ/IuNE8gP/+yNwQjdqd6DKhB9ADGjosxuY2IMXcQ3729iXa9QRsPlmIBpk73L0s9E2b+MTYhAR/2Spk8REjvA==",
        "dependencies": {
          "Testably.Abstractions.FileSystem.Interface": "10.0.0"
        }
      },
      "TestableIO.System.IO.Abstractions.Wrappers": {
        "type": "Transitive",
        "resolved": "22.1.0",
        "contentHash": "IsW3jQqIiTN4GwdWFx+dzgRL5XR75UDTFVGuuIackPf2d7eH0KKyrx4wuIoASa1XnS9zhgLP39FKwJq6nbbx1w==",
        "dependencies": {
          "Testably.Abstractions.FileSystem.Interface": "10.0.0"
        }
      },
      "Testably.Abstractions.FileSystem.Interface": {
        "type": "Transitive",
        "resolved": "10.0.0",
        "contentHash": "tZOXFLGjkh8TxgMgKeEcM2HAlz9DwndGl6TFLo6ISHcszFX3FkuPMrtVbmqVjhooWNXrgJ/a9cH9ym5MZL1LAg=="
      }
    },
    "net8.0": {
      "CycloneDX.Core": {
        "type": "Direct",
        "requested": "[11.0.0, )",
        "resolved": "11.0.0",
        "contentHash": "7W4Eo9p3hGYZm3nniT3aSOdE4OZmDtKbWKs6oHEP09x+yjbp1IJaXDhmzGstvN6TaQy+MDjI4/WcVHricog1sQ==",
        "dependencies": {
          "JsonSchema.Net": "5.3.1",
          "protobuf-net": "3.2.45"
        }
      },
      "NuGet.ProjectModel": {
        "type": "Direct",
        "requested": "[7.0.1, )",
        "resolved": "7.0.1",
        "contentHash": "yvVxNBqWo6ctfdI6G/ZgPj7X6fZWOsSPS9D2MDRPcnaokaCRVESpGK1cgXIEkaOfo5leRVc3vhPEzOMXckwV9A==",
        "dependencies": {
          "NuGet.DependencyResolver.Core": "7.0.1"
        }
      },
      "NuGet.Protocol": {
        "type": "Direct",
        "requested": "[7.0.1, )",
        "resolved": "7.0.1",
        "contentHash": "bYPzTqgOSsXV8AxXXFCCPtAtlxwph0DVtdM8AlaKTGLClHDx7VAlL4cCIcVl2iEzQuG1uC79SvzllvKi1grcNw==",
        "dependencies": {
          "NuGet.Packaging": "7.0.1"
        }
      },
      "System.CommandLine": {
        "type": "Direct",
        "requested": "[2.0.0, )",
        "resolved": "2.0.0",
        "contentHash": "Bjklzc5NoxqAGFi7BcGlY2TWAdB06Bq3a5sfRr3ubMRU80Mf98eyq3Y2UgR6xRV0TLznZmfe5T7mUjOunRNcdA=="
      },
      "System.IO.Abstractions": {
        "type": "Direct",
        "requested": "[22.1.0, )",
        "resolved": "22.1.0",
        "contentHash": "+QDwmFWQQ84FIRFkOGLwdhJWgOP2Qm+d73edWavzVvYrQ029jjB7CdT24L/F9QvGThN7uYZW6vLLSpvaUBC2Cw==",
        "dependencies": {
          "TestableIO.System.IO.Abstractions": "22.1.0",
          "TestableIO.System.IO.Abstractions.Wrappers": "22.1.0"
        }
      },
      "JetBrains.Annotations": {
        "type": "Transitive",
        "resolved": "2021.2.0",
        "contentHash": "kKSyoVfndMriKHLfYGmr0uzQuI4jcc3TKGyww7buJFCYeHb/X0kodYBPL7n9454q7v6ASiRmDgpPGaDGerg/Hg=="
      },
      "Json.More.Net": {
        "type": "Transitive",
        "resolved": "1.9.0",
        "contentHash": "MMjd2dOh32hLbcZg9YyA+7aEH9gu2cMTEAWrQY17in4+aEsPg2NtYTcwgWHJS9Tt2WUx+4iN1mNegR2uiEwsVQ=="
      },
      "JsonPointer.Net": {
        "type": "Transitive",
        "resolved": "3.0.3",
        "contentHash": "mCGQc15lHLp1R2CVhWiipnZurHXm93+LbPPAT/vXQm5PdHt6WQuYLhaEF8VZ+aXL9P2I6bGND6pDTEfqFs6gig==",
        "dependencies": {
          "Json.More.Net": "1.8.0"
        }
      },
      "JsonSchema.Net": {
        "type": "Transitive",
        "resolved": "5.3.1",
        "contentHash": "1Ox9kMtire1U1O+obAKGbO8i8MAWbRTKDBda1GpNaEN6sxQUFD7h9laBZ1WmXFVbsv9grTBFfYJi/I/5zoPvsQ==",
        "dependencies": {
          "JetBrains.Annotations": "2021.2.0",
          "Json.More.Net": "1.9.0",
          "JsonPointer.Net": "3.0.3"
        }
      },
      "Microsoft.Bcl.Cryptography": {
        "type": "Transitive",
        "resolved": "9.0.6",
        "contentHash": "QY+zvyOMPoa883T3JB+M9sQvYBfGHidptsVhD9pWn52fS3+xaUSIaf5Fcw8WIoyP6cx3K5vHMcvOdDz7NehZOA==",
        "dependencies": {
          "System.Formats.Asn1": "9.0.6"
        }
      },
      "Newtonsoft.Json": {
        "type": "Transitive",
        "resolved": "13.0.3",
        "contentHash": "HrC5BXdl00IP9zeV+0Z848QWPAoCr9P3bDEZguI+gkLcBKAOxix/tLEAAHC+UvDNPv4a2d18lOReHMOagPa+zQ=="
      },
      "NuGet.Common": {
        "type": "Transitive",
        "resolved": "7.0.1",
        "contentHash": "AegMASeOhhm2flGk53b/YtINs2H+zKMnV5fTs3rRo08JMQ3gqrbJUSjiEMOKt5d541IhVA+pHDWVsDCZ+5g7Fg==",
        "dependencies": {
          "NuGet.Frameworks": "7.0.1"
        }
      },
      "NuGet.Configuration": {
        "type": "Transitive",
        "resolved": "7.0.1",
        "contentHash": "En8aIvZywOmgi+Q2Tv7VUELSYc3OCTwmzItr2N3j5pVIBQE92HbOa1b4+fJJbl9X/rAOkNon3fxjwYeqrdMRrw==",
        "dependencies": {
          "NuGet.Common": "7.0.1",
          "System.Security.Cryptography.ProtectedData": "9.0.6"
        }
      },
      "NuGet.DependencyResolver.Core": {
        "type": "Transitive",
        "resolved": "7.0.1",
        "contentHash": "DnkfIlL5qa/bQXFoATE0wSpEAVxpkVDax+jxLlIwO8P098hVGfXClTbg0O5ujbRG2YkqSk4ZVltAs6Uvvi3HAw==",
        "dependencies": {
          "NuGet.Configuration": "7.0.1",
          "NuGet.LibraryModel": "7.0.1",
          "NuGet.Protocol": "7.0.1"
        }
      },
      "NuGet.Frameworks": {
        "type": "Transitive",
        "resolved": "7.0.1",
        "contentHash": "dUDwg8VYTyT+ZbLdC7hUUHFF530HeRl4jcxclKJY0o96f3nv0eZvojXwjRkq2HKzuyRCcVD4T24aEF83CUmBzA=="
      },
      "NuGet.LibraryModel": {
        "type": "Transitive",
        "resolved": "7.0.1",
        "contentHash": "/JyiZ2ueI1AiYp6UNJmiyM6DgbSO3FUcxyPdyUsczJa/I7swpKSP8QizvDlRR/thp2CiyyEMvbbbANhCbOWzLQ==",
        "dependencies": {
          "NuGet.Common": "7.0.1",
          "NuGet.Versioning": "7.0.1"
        }
      },
      "NuGet.Packaging": {
        "type": "Transitive",
        "resolved": "7.0.1",
        "contentHash": "hpC6Fx5VlMa42cSZDQ10TKDFHLoMpa8NbDwYSnCiGd4IPiG9+5ywWuxHjVbYYA7/PmJry5hs1GyJjvHV8bQmLw==",
        "dependencies": {
          "Newtonsoft.Json": "13.0.3",
          "NuGet.Configuration": "7.0.1",
          "NuGet.Versioning": "7.0.1",
          "System.Security.Cryptography.Pkcs": "9.0.6"
        }
      },
      "NuGet.Versioning": {
        "type": "Transitive",
        "resolved": "7.0.1",
        "contentHash": "tu68LnZqiLM/VyLQzPRqedopMi/M+5/6JqwB2Xkd0AWXRpUWewkVv77asVB7wgjMPVzQFK2sBy7AuxV49UzuvQ=="
      },
      "protobuf-net": {
        "type": "Transitive",
        "resolved": "3.2.45",
        "contentHash": "5UZ/ukUHcGbFSl7vNMrHsfjqdxusdd9w7w0fCEXzf3UUtsrGNVCzV5SmF+sCHAbnRV2qPcD1ixiDP7Aj8lX/HA==",
        "dependencies": {
          "protobuf-net.Core": "3.2.45"
        }
      },
      "protobuf-net.Core": {
        "type": "Transitive",
        "resolved": "3.2.45",
        "contentHash": "PMWatW2NrT1uTXD7etJ4VdQ0wWZLFrIfdRGppD2QX7nzZ0+kIzqhq551u6ZiXJHWJgG4hWFEkSnUnt2aB6posg=="
      },
      "System.Formats.Asn1": {
        "type": "Transitive",
        "resolved": "9.0.6",
        "contentHash": "8LbKs3WVqyDSszFZJA9Uxg9z+C6WbPbFTSPm/HjFEsWx49XWs0ueqaAKPWncvFJ8yl4H4C/RTnUMhCKoXkddkg=="
      },
      "System.Security.Cryptography.Pkcs": {
        "type": "Transitive",
        "resolved": "9.0.6",
        "contentHash": "Gny8p2mX0jc5rjh+PA4Gx5GG66sj2C+e+ro7+j/3IsKT/bmQ84tGRV+XKaG+5/CTCdwkSSKDWEQ1rJd0J5jE0Q==",
        "dependencies": {
          "Microsoft.Bcl.Cryptography": "9.0.6",
          "System.Formats.Asn1": "9.0.6"
        }
      },
      "System.Security.Cryptography.ProtectedData": {
        "type": "Transitive",
        "resolved": "9.0.6",
        "contentHash": "yErfw/3pZkJE/VKza/Cm5idTpIKOy/vsmVi59Ta5SruPVtubzxb8CtnE8tyUpzs5pr0Y28GUFfSVzAhCLN3F/Q=="
      },
      "TestableIO.System.IO.Abstractions": {
        "type": "Transitive",
        "resolved": "22.1.0",
        "contentHash": "YQ/IuNE8gP/+yNwQjdqd6DKhB9ADGjosxuY2IMXcQ3729iXa9QRsPlmIBpk73L0s9E2b+MTYhAR/2Spk8REjvA==",
        "dependencies": {
          "Testably.Abstractions.FileSystem.Interface": "10.0.0"
        }
      },
      "TestableIO.System.IO.Abstractions.Wrappers": {
        "type": "Transitive",
        "resolved": "22.1.0",
        "contentHash": "IsW3jQqIiTN4GwdWFx+dzgRL5XR75UDTFVGuuIackPf2d7eH0KKyrx4wuIoASa1XnS9zhgLP39FKwJq6nbbx1w==",
        "dependencies": {
          "Testably.Abstractions.FileSystem.Interface": "10.0.0"
        }
      },
      "Testably.Abstractions.FileSystem.Interface": {
        "type": "Transitive",
        "resolved": "10.0.0",
        "contentHash": "tZOXFLGjkh8TxgMgKeEcM2HAlz9DwndGl6TFLo6ISHcszFX3FkuPMrtVbmqVjhooWNXrgJ/a9cH9ym5MZL1LAg=="
      }
    },
    "net9.0": {
      "CycloneDX.Core": {
        "type": "Direct",
        "requested": "[11.0.0, )",
        "resolved": "11.0.0",
        "contentHash": "7W4Eo9p3hGYZm3nniT3aSOdE4OZmDtKbWKs6oHEP09x+yjbp1IJaXDhmzGstvN6TaQy+MDjI4/WcVHricog1sQ==",
        "dependencies": {
          "JsonSchema.Net": "5.3.1",
          "protobuf-net": "3.2.45"
        }
      },
      "NuGet.ProjectModel": {
        "type": "Direct",
        "requested": "[7.0.1, )",
        "resolved": "7.0.1",
        "contentHash": "yvVxNBqWo6ctfdI6G/ZgPj7X6fZWOsSPS9D2MDRPcnaokaCRVESpGK1cgXIEkaOfo5leRVc3vhPEzOMXckwV9A==",
        "dependencies": {
          "NuGet.DependencyResolver.Core": "7.0.1"
        }
      },
      "NuGet.Protocol": {
        "type": "Direct",
        "requested": "[7.0.1, )",
        "resolved": "7.0.1",
        "contentHash": "bYPzTqgOSsXV8AxXXFCCPtAtlxwph0DVtdM8AlaKTGLClHDx7VAlL4cCIcVl2iEzQuG1uC79SvzllvKi1grcNw==",
        "dependencies": {
          "NuGet.Packaging": "7.0.1"
        }
      },
      "System.CommandLine": {
        "type": "Direct",
        "requested": "[2.0.0, )",
        "resolved": "2.0.0",
        "contentHash": "Bjklzc5NoxqAGFi7BcGlY2TWAdB06Bq3a5sfRr3ubMRU80Mf98eyq3Y2UgR6xRV0TLznZmfe5T7mUjOunRNcdA=="
      },
      "System.IO.Abstractions": {
        "type": "Direct",
        "requested": "[22.1.0, )",
        "resolved": "22.1.0",
        "contentHash": "+QDwmFWQQ84FIRFkOGLwdhJWgOP2Qm+d73edWavzVvYrQ029jjB7CdT24L/F9QvGThN7uYZW6vLLSpvaUBC2Cw==",
        "dependencies": {
          "TestableIO.System.IO.Abstractions": "22.1.0",
          "TestableIO.System.IO.Abstractions.Wrappers": "22.1.0"
        }
      },
      "JetBrains.Annotations": {
        "type": "Transitive",
        "resolved": "2021.2.0",
        "contentHash": "kKSyoVfndMriKHLfYGmr0uzQuI4jcc3TKGyww7buJFCYeHb/X0kodYBPL7n9454q7v6ASiRmDgpPGaDGerg/Hg=="
      },
      "Json.More.Net": {
        "type": "Transitive",
        "resolved": "1.9.0",
        "contentHash": "MMjd2dOh32hLbcZg9YyA+7aEH9gu2cMTEAWrQY17in4+aEsPg2NtYTcwgWHJS9Tt2WUx+4iN1mNegR2uiEwsVQ=="
      },
      "JsonPointer.Net": {
        "type": "Transitive",
        "resolved": "3.0.3",
        "contentHash": "mCGQc15lHLp1R2CVhWiipnZurHXm93+LbPPAT/vXQm5PdHt6WQuYLhaEF8VZ+aXL9P2I6bGND6pDTEfqFs6gig==",
        "dependencies": {
          "Json.More.Net": "1.8.0"
        }
      },
      "JsonSchema.Net": {
        "type": "Transitive",
        "resolved": "5.3.1",
        "contentHash": "1Ox9kMtire1U1O+obAKGbO8i8MAWbRTKDBda1GpNaEN6sxQUFD7h9laBZ1WmXFVbsv9grTBFfYJi/I/5zoPvsQ==",
        "dependencies": {
          "JetBrains.Annotations": "2021.2.0",
          "Json.More.Net": "1.9.0",
          "JsonPointer.Net": "3.0.3"
        }
      },
      "Newtonsoft.Json": {
        "type": "Transitive",
        "resolved": "13.0.3",
        "contentHash": "HrC5BXdl00IP9zeV+0Z848QWPAoCr9P3bDEZguI+gkLcBKAOxix/tLEAAHC+UvDNPv4a2d18lOReHMOagPa+zQ=="
      },
      "NuGet.Common": {
        "type": "Transitive",
        "resolved": "7.0.1",
        "contentHash": "AegMASeOhhm2flGk53b/YtINs2H+zKMnV5fTs3rRo08JMQ3gqrbJUSjiEMOKt5d541IhVA+pHDWVsDCZ+5g7Fg==",
        "dependencies": {
          "NuGet.Frameworks": "7.0.1"
        }
      },
      "NuGet.Configuration": {
        "type": "Transitive",
        "resolved": "7.0.1",
        "contentHash": "En8aIvZywOmgi+Q2Tv7VUELSYc3OCTwmzItr2N3j5pVIBQE92HbOa1b4+fJJbl9X/rAOkNon3fxjwYeqrdMRrw==",
        "dependencies": {
          "NuGet.Common": "7.0.1",
          "System.Security.Cryptography.ProtectedData": "9.0.6"
        }
      },
      "NuGet.DependencyResolver.Core": {
        "type": "Transitive",
        "resolved": "7.0.1",
        "contentHash": "DnkfIlL5qa/bQXFoATE0wSpEAVxpkVDax+jxLlIwO8P098hVGfXClTbg0O5ujbRG2YkqSk4ZVltAs6Uvvi3HAw==",
        "dependencies": {
          "NuGet.Configuration": "7.0.1",
          "NuGet.LibraryModel": "7.0.1",
          "NuGet.Protocol": "7.0.1"
        }
      },
      "NuGet.Frameworks": {
        "type": "Transitive",
        "resolved": "7.0.1",
        "contentHash": "dUDwg8VYTyT+ZbLdC7hUUHFF530HeRl4jcxclKJY0o96f3nv0eZvojXwjRkq2HKzuyRCcVD4T24aEF83CUmBzA=="
      },
      "NuGet.LibraryModel": {
        "type": "Transitive",
        "resolved": "7.0.1",
        "contentHash": "/JyiZ2ueI1AiYp6UNJmiyM6DgbSO3FUcxyPdyUsczJa/I7swpKSP8QizvDlRR/thp2CiyyEMvbbbANhCbOWzLQ==",
        "dependencies": {
          "NuGet.Common": "7.0.1",
          "NuGet.Versioning": "7.0.1"
        }
      },
      "NuGet.Packaging": {
        "type": "Transitive",
        "resolved": "7.0.1",
        "contentHash": "hpC6Fx5VlMa42cSZDQ10TKDFHLoMpa8NbDwYSnCiGd4IPiG9+5ywWuxHjVbYYA7/PmJry5hs1GyJjvHV8bQmLw==",
        "dependencies": {
          "Newtonsoft.Json": "13.0.3",
          "NuGet.Configuration": "7.0.1",
          "NuGet.Versioning": "7.0.1",
          "System.Security.Cryptography.Pkcs": "9.0.6"
        }
      },
      "NuGet.Versioning": {
        "type": "Transitive",
        "resolved": "7.0.1",
        "contentHash": "tu68LnZqiLM/VyLQzPRqedopMi/M+5/6JqwB2Xkd0AWXRpUWewkVv77asVB7wgjMPVzQFK2sBy7AuxV49UzuvQ=="
      },
      "protobuf-net": {
        "type": "Transitive",
        "resolved": "3.2.45",
        "contentHash": "5UZ/ukUHcGbFSl7vNMrHsfjqdxusdd9w7w0fCEXzf3UUtsrGNVCzV5SmF+sCHAbnRV2qPcD1ixiDP7Aj8lX/HA==",
        "dependencies": {
          "protobuf-net.Core": "3.2.45"
        }
      },
      "protobuf-net.Core": {
        "type": "Transitive",
        "resolved": "3.2.45",
        "contentHash": "PMWatW2NrT1uTXD7etJ4VdQ0wWZLFrIfdRGppD2QX7nzZ0+kIzqhq551u6ZiXJHWJgG4hWFEkSnUnt2aB6posg=="
      },
      "System.Security.Cryptography.Pkcs": {
        "type": "Transitive",
        "resolved": "9.0.6",
        "contentHash": "Gny8p2mX0jc5rjh+PA4Gx5GG66sj2C+e+ro7+j/3IsKT/bmQ84tGRV+XKaG+5/CTCdwkSSKDWEQ1rJd0J5jE0Q=="
      },
      "System.Security.Cryptography.ProtectedData": {
        "type": "Transitive",
        "resolved": "9.0.6",
        "contentHash": "yErfw/3pZkJE/VKza/Cm5idTpIKOy/vsmVi59Ta5SruPVtubzxb8CtnE8tyUpzs5pr0Y28GUFfSVzAhCLN3F/Q=="
      },
      "TestableIO.System.IO.Abstractions": {
        "type": "Transitive",
        "resolved": "22.1.0",
        "contentHash": "YQ/IuNE8gP/+yNwQjdqd6DKhB9ADGjosxuY2IMXcQ3729iXa9QRsPlmIBpk73L0s9E2b+MTYhAR/2Spk8REjvA==",
        "dependencies": {
          "Testably.Abstractions.FileSystem.Interface": "10.0.0"
        }
      },
      "TestableIO.System.IO.Abstractions.Wrappers": {
        "type": "Transitive",
        "resolved": "22.1.0",
        "contentHash": "IsW3jQqIiTN4GwdWFx+dzgRL5XR75UDTFVGuuIackPf2d7eH0KKyrx4wuIoASa1XnS9zhgLP39FKwJq6nbbx1w==",
        "dependencies": {
          "Testably.Abstractions.FileSystem.Interface": "10.0.0"
        }
      },
      "Testably.Abstractions.FileSystem.Interface": {
        "type": "Transitive",
        "resolved": "10.0.0",
        "contentHash": "tZOXFLGjkh8TxgMgKeEcM2HAlz9DwndGl6TFLo6ISHcszFX3FkuPMrtVbmqVjhooWNXrgJ/a9cH9ym5MZL1LAg=="
      }
    }
  }
}