
Microsoft Visual Studio Solution File, Format Version 12.00
# Visual Studio 15
VisualStudioVersion = 15.0.26124.0
MinimumVisualStudioVersion = 15.0.26124.0
Project("{FAE04EC0-301F-11D3-BF4B-00C04F79EFBC}") = "NoDependencies", "NoDependencies\NoDependencies.csproj", "{63199851-FAE6-4443-8AD7-7AF8322EEADB}"
EndProject
Project("{FAE04EC0-301F-11D3-BF4B-00C04F79EFBC}") = "NoDependencies.Tests", "NoDependencies.Tests\NoDependencies.Tests.csproj", "{EEBC99CE-1B1E-47A2-8CC5-85BB67134ADE}"
EndProject
Global
	GlobalSection(SolutionConfigurationPlatforms) = preSolution
		Debug|Any CPU = Debug|Any CPU
		Debug|x64 = Debug|x64
		Debug|x86 = Debug|x86
		Release|Any CPU = Release|Any CPU
		Release|x64 = Release|x64
		Release|x86 = Release|x86
	EndGlobalSection
	GlobalSection(SolutionProperties) = preSolution
		HideSolutionNode = FALSE
	EndGlobalSection
	GlobalSection(ProjectConfigurationPlatforms) = postSolution
		{63199851-FAE6-4443-8AD7-7AF8322EEADB}.Debug|Any CPU.ActiveCfg = Debug|Any CPU
		{63199851-FAE6-4443-8AD7-7AF8322EEADB}.Debug|Any CPU.Build.0 = Debug|Any CPU
		{63199851-FAE6-4443-8AD7-7AF8322EEADB}.Debug|x64.ActiveCfg = Debug|Any CPU
		{63199851-FAE6-4443-8AD7-7AF8322EEADB}.Debug|x64.Build.0 = Debug|Any CPU
		{63199851-FAE6-4443-8AD7-7AF8322EEADB}.Debug|x86.ActiveCfg = Debug|Any CPU
		{63199851-FAE6-4443-8AD7-7AF8322EEADB}.Debug|x86.Build.0 = Debug|Any CPU
		{63199851-FAE6-4443-8AD7-7AF8322EEADB}.Release|Any CPU.ActiveCfg = Release|Any CPU
		{63199851-FAE6-4443-8AD7-7AF8322EEADB}.Release|Any CPU.Build.0 = Release|Any CPU
		{63199851-FAE6-4443-8AD7-7AF8322EEADB}.Release|x64.ActiveCfg = Release|Any CPU
		{63199851-FAE6-4443-8AD7-7AF8322EEADB}.Release|x64.Build.0 = Release|Any CPU
		{63199851-FAE6-4443-8AD7-7AF8322EEADB}.Release|x86.ActiveCfg = Release|Any CPU
		{63199851-FAE6-4443-8AD7-7AF8322EEADB}.Release|x86.Build.0 = Release|Any CPU
		{EEBC99CE-1B1E-47A2-8CC5-85BB67134ADE}.Debug|Any CPU.ActiveCfg = Debug|Any CPU
		{EEBC99CE-1B1E-47A2-8CC5-85BB67134ADE}.Debug|Any CPU.Build.0 = Debug|Any CPU
		{EEBC99CE-1B1E-47A2-8CC5-85BB67134ADE}.Debug|x64.ActiveCfg = Debug|Any CPU
		{EEBC99CE-1B1E-47A2-8CC5-85BB67134ADE}.Debug|x64.Build.0 = Debug|Any CPU
		{EEBC99CE-1B1E-47A2-8CC5-85BB67134ADE}.Debug|x86.ActiveCfg = Debug|Any CPU
		{EEBC99CE-1B1E-47A2-8CC5-85BB67134ADE}.Debug|x86.Build.0 = Debug|Any CPU
		{EEBC99CE-1B1E-47A2-8CC5-85BB67134ADE}.Release|Any CPU.ActiveCfg = Release|Any CPU
		{EEBC99CE-1B1E-47A2-8CC5-85BB67134ADE}.Release|Any CPU.Build.0 = Release|Any CPU
		{EEBC99CE-1B1E-47A2-8CC5-85BB67134ADE}.Release|x64.ActiveCfg = Release|Any CPU
		{EEBC99CE-1B1E-47A2-8CC5-85BB67134ADE}.Release|x64.Build.0 = Release|Any CPU
		{EEBC99CE-1B1E-47A2-8CC5-85BB67134ADE}.Release|x86.ActiveCfg = Release|Any CPU
		{EEBC99CE-1B1E-47A2-8CC5-85BB67134ADE}.Release|x86.Build.0 = Release|Any CPU
	EndGlobalSection
EndGlobal
