
Microsoft Visual Studio Solution File, Format Version 12.00
# Visual Studio Version 17
VisualStudioVersion = 17.14.36401.2
MinimumVisualStudioVersion = 10.0.40219.1
Project("{FAE04EC0-301F-11D3-BF4B-00C04F79EFBC}") = "FineGrainedDependency", "FineGrainedDependency\FineGrainedDependency.csproj", "{EA423945-FAAD-33BE-9ACA-5AF2FB95C4F6}"
EndProject
Project("{FAE04EC0-301F-11D3-BF4B-00C04F79EFBC}") = "ReferringFineGrainedDependency", "ReferringFineGrainedDependency\ReferringFineGrainedDependency.csproj", "{A8A44A56-F2CD-0FB4-E789-28C1887E7597}"
EndProject
Global
	GlobalSection(SolutionConfigurationPlatforms) = preSolution
		Debug|Any CPU = Debug|Any CPU
		Release|Any CPU = Release|Any CPU
	EndGlobalSection
	GlobalSection(ProjectConfigurationPlatforms) = postSolution
		{EA423945-FAAD-33BE-9ACA-5AF2FB95C4F6}.Debug|Any CPU.ActiveCfg = Debug|Any CPU
		{EA423945-FAAD-33BE-9ACA-5AF2FB95C4F6}.Debug|Any CPU.Build.0 = Debug|Any CPU
		{EA423945-FAAD-33BE-9ACA-5AF2FB95C4F6}.Release|Any CPU.ActiveCfg = Release|Any CPU
		{EA423945-FAAD-33BE-9ACA-5AF2FB95C4F6}.Release|Any CPU.Build.0 = Release|Any CPU
		{A8A44A56-F2CD-0FB4-E789-28C1887E7597}.Debug|Any CPU.ActiveCfg = Debug|Any CPU
		{A8A44A56-F2CD-0FB4-E789-28C1887E7597}.Debug|Any CPU.Build.0 = Debug|Any CPU
		{A8A44A56-F2CD-0FB4-E789-28C1887E7597}.Release|Any CPU.ActiveCfg = Release|Any CPU
		{A8A44A56-F2CD-0FB4-E789-28C1887E7597}.Release|Any CPU.Build.0 = Release|Any CPU
	EndGlobalSection
	GlobalSection(SolutionProperties) = preSolution
		HideSolutionNode = FALSE
	EndGlobalSection
	GlobalSection(ExtensibilityGlobals) = postSolution
		SolutionGuid = {EA7DEAD7-DDBD-41C6-8A06-A34BC704F7D4}
	EndGlobalSection
EndGlobal
