
Microsoft Visual Studio Solution File, Format Version 12.00
# Visual Studio Version 16
VisualStudioVersion = 16.0.29609.76
MinimumVisualStudioVersion = 10.0.40219.1
Project("{FAE04EC0-301F-11D3-BF4B-00C04F79EFBC}") = "FullFramework", "FullFramework\FullFramework.csproj", "{F8690922-C5FC-4A0E-B7AE-75D18C26E928}"
EndProject
Project("{FAE04EC0-301F-11D3-BF4B-00C04F79EFBC}") = "DotnetCore", "DotnetCore\DotnetCore.csproj", "{EC78EFE0-697A-4F77-967E-92054A91A8BE}"
EndProject
Global
	GlobalSection(SolutionConfigurationPlatforms) = preSolution
		Debug|Any CPU = Debug|Any CPU
		Release|Any CPU = Release|Any CPU
	EndGlobalSection
	GlobalSection(ProjectConfigurationPlatforms) = postSolution
		{F8690922-C5FC-4A0E-B7AE-75D18C26E928}.Debug|Any CPU.ActiveCfg = Debug|Any CPU
		{F8690922-C5FC-4A0E-B7AE-75D18C26E928}.Debug|Any CPU.Build.0 = Debug|Any CPU
		{F8690922-C5FC-4A0E-B7AE-75D18C26E928}.Release|Any CPU.ActiveCfg = Release|Any CPU
		{F8690922-C5FC-4A0E-B7AE-75D18C26E928}.Release|Any CPU.Build.0 = Release|Any CPU
		{EC78EFE0-697A-4F77-967E-92054A91A8BE}.Debug|Any CPU.ActiveCfg = Debug|Any CPU
		{EC78EFE0-697A-4F77-967E-92054A91A8BE}.Debug|Any CPU.Build.0 = Debug|Any CPU
		{EC78EFE0-697A-4F77-967E-92054A91A8BE}.Release|Any CPU.ActiveCfg = Release|Any CPU
		{EC78EFE0-697A-4F77-967E-92054A91A8BE}.Release|Any CPU.Build.0 = Release|Any CPU
	EndGlobalSection
	GlobalSection(SolutionProperties) = preSolution
		HideSolutionNode = FALSE
	EndGlobalSection
	GlobalSection(ExtensibilityGlobals) = postSolution
		SolutionGuid = {DCA238A3-1829-4C95-8800-A3509ACFAF63}
	EndGlobalSection
EndGlobal
