{
  "version": 2,
  "dependencies": {
    "net10.0": {
      "coverlet.collector": {
        "type": "Direct",
        "requested": "[10.0.1, )",
        "resolved": "10.0.1",
        "contentHash": "27jXSV/0DbVqF5jDrAxuQFZ9oaz6gmG03p8ttxAFk+X0M4woFYj7MoWDLCna5EGLb0CE6OE7X6ZH3Wt5smTtaA=="
      },
      "Microsoft.NET.Test.Sdk": {
        "type": "Direct",
        "requested": "[18.8.1, )",
        "resolved": "18.8.1",
        "contentHash": "dknJL3/9Y3t4XuCBqnc0PevPxgLsUMmVhjwup/b1HNovA8zWcj3XsfIf7c6p05363DWcqL7X/YhDL9B+Zymv1w==",
        "dependencies": {
          "Microsoft.CodeCoverage": "18.8.1",
          "Microsoft.TestPlatform.TestHost": "18.8.1"
        }
      },
      "Testcontainers": {
        "type": "Direct",
        "requested": "[4.13.0, )",
        "resolved": "4.13.0",
        "contentHash": "j8vi9jPBNSwaraGGx8w+2gtZyWrlbKxdhiGMS3nektg+KiwjFWx9ghCjs57EoQfvI+IAbzti0oQJupQChwgMog==",
        "dependencies": {
          "Docker.DotNet.Enhanced": "4.3.3",
          "Docker.DotNet.Enhanced.X509": "4.3.3",
          "Microsoft.Extensions.Logging.Abstractions": "8.0.3",
          "SSH.NET": "2025.1.0",
          "SharpZipLib": "1.4.2"
        }
      },
      "Verify.XunitV3": {
        "type": "Direct",
        "requested": "[31.28.0, )",
        "resolved": "31.28.0",
        "contentHash": "E9kEDGGBWI+5O9bMvRWNfC3nmfYD8goatFN8+e39TJD+gi7pIhFbg/R/rZBmy1BF1EOrT3zV9ghclwirfVtxlg==",
        "dependencies": {
          "Argon": "0.35.2",
          "DiffEngine": "19.3.3",
          "Microsoft.Bcl.AsyncInterfaces": "10.0.10",
          "SimpleInfoName": "3.2.0",
          "Verify": "31.28.0",
          "xunit.v3.extensibility.core": "3.2.2"
        }
      },
      "xunit.runner.visualstudio": {
        "type": "Direct",
        "requested": "[3.1.5, )",
        "resolved": "3.1.5",
        "contentHash": "tKi7dSTwP4m5m9eXPM2Ime4Kn7xNf4x4zT9sdLO/G4hZVnQCRiMTWoSZqI/pYTVeI27oPPqHBKYI/DjJ9GsYgA=="
      },
      "xunit.v3": {
        "type": "Direct",
        "requested": "[3.2.2, )",
        "resolved": "3.2.2",
        "contentHash": "L+4/4y0Uqcg8/d6hfnxhnwh4j9FaeULvefTwrk30rr1o4n/vdPfyUQ8k0yzH8VJx7bmFEkDdcRfbtbjEHlaYcA==",
        "dependencies": {
          "xunit.v3.mtp-v1": "[3.2.2]"
        }
      },
      "Argon": {
        "type": "Transitive",
        "resolved": "0.35.2",
        "contentHash": "o0I9+qxk1r4EB8vqRaC49kHog8/UUuFPSqpUwi5husDuqTBbbWIhLOwO2uhzA6pdM4UJoz+owN/c1p05YxAs3A=="
      },
      "BouncyCastle.Cryptography": {
        "type": "Transitive",
        "resolved": "2.6.2",
        "contentHash": "7oWOcvnntmMKNzDLsdxAYqApt+AjpRpP2CShjMfIa3umZ42UQMvH0tl1qAliYPNYO6vTdcGMqnRrCPmsfzTI1w=="
      },
      "DiffEngine": {
        "type": "Transitive",
        "resolved": "19.3.3",
        "contentHash": "9dgeYqMOYA5BREQj5PNEuNHOe3q8xmkLj9jPPbxrJ2roxupVmJ3LlUgForWlxXgt0zoutfPE+sbVjif3YHC3zw==",
        "dependencies": {
          "EmptyFiles": "8.18.2"
        }
      },
      "Docker.DotNet.Enhanced": {
        "type": "Transitive",
        "resolved": "4.3.3",
        "contentHash": "nGicLwvd42FhRk+khY5uS6cx49ErNdwYKnYBg0F4m4BDKLp/R77AVmmN9xAiqI3W/wN5ZCHkdUhgxf5ORkZuFQ==",
        "dependencies": {
          "Docker.DotNet.Enhanced.Handler.Abstractions": "4.3.3",
          "Docker.DotNet.Enhanced.LegacyHttp": "4.3.3",
          "Docker.DotNet.Enhanced.NPipe": "4.3.3",
          "Docker.DotNet.Enhanced.NativeHttp": "4.3.3",
          "Docker.DotNet.Enhanced.Unix": "4.3.3",
          "Microsoft.Extensions.Logging.Abstractions": "8.0.3"
        }
      },
      "Docker.DotNet.Enhanced.Handler.Abstractions": {
        "type": "Transitive",
        "resolved": "4.3.3",
        "contentHash": "9Cp8hOgtynixcDoAs9lnEaQosluojSYmiW3fsLsLIVfZjlq/fznSIZNUhnmyT4Xo1Iyuok/y49WL/25O47u0Pw==",
        "dependencies": {
          "Microsoft.Extensions.Logging.Abstractions": "8.0.3"
        }
      },
      "Docker.DotNet.Enhanced.LegacyHttp": {
        "type": "Transitive",
        "resolved": "4.3.3",
        "contentHash": "7j3M16emv9PAQN7VwFn23xLYNj8GJmwPOcogveHkaWnOCqiC+anRaNKQwqIBNApM1AuwZKivehTKTPmmrjUUnw==",
        "dependencies": {
          "Docker.DotNet.Enhanced.Handler.Abstractions": "4.3.3"
        }
      },
      "Docker.DotNet.Enhanced.NativeHttp": {
        "type": "Transitive",
        "resolved": "4.3.3",
        "contentHash": "iNzK+jRFeEMobSA7l/h4ARwCKOOefOWtVN5/RB0ft6/6H6IQXvVUuOgGyZAjYLBT7TsyClRYno2B904f3dtBuQ==",
        "dependencies": {
          "Docker.DotNet.Enhanced.Handler.Abstractions": "4.3.3"
        }
      },
      "Docker.DotNet.Enhanced.NPipe": {
        "type": "Transitive",
        "resolved": "4.3.3",
        "contentHash": "ZTLYufuEfY0e6qLOgeH9QgXx2KYuoABRVaY5A8rsggyLgYqbDj9rCRfVAhHPCUv83S7pVxDHy+Tvm/BnxjWVpg==",
        "dependencies": {
          "Docker.DotNet.Enhanced.Handler.Abstractions": "4.3.3"
        }
      },
      "Docker.DotNet.Enhanced.Unix": {
        "type": "Transitive",
        "resolved": "4.3.3",
        "contentHash": "ypo8qNbmvHw1t9VfpRTMogCw2vht6VjkXzlGYUUeP2H2bf83USURdla1maW1njn2oq2rfLUFOGMfmt+A37QU2w==",
        "dependencies": {
          "Docker.DotNet.Enhanced.Handler.Abstractions": "4.3.3"
        }
      },
      "Docker.DotNet.Enhanced.X509": {
        "type": "Transitive",
        "resolved": "4.3.3",
        "contentHash": "oBDibWezEv4hgj3RIQxI3DVcxkNV1MdrD0d/jhjUu+h3DL+qc0wlkQva15kkwMatXmC/hWp1VP0DMoFXe+BmEw==",
        "dependencies": {
          "Docker.DotNet.Enhanced.Handler.Abstractions": "4.3.3"
        }
      },
      "EmptyFiles": {
        "type": "Transitive",
        "resolved": "8.18.2",
        "contentHash": "9TKkDyiREYxgTDeoBrVlmBP83w7Hjhj5sDACQhketSgRhgaXRKpjPW7sazx3PEOg0i5PbrwLjoJG9caavf69hg=="
      },
      "Microsoft.ApplicationInsights": {
        "type": "Transitive",
        "resolved": "2.23.0",
        "contentHash": "nWArUZTdU7iqZLycLKWe0TDms48KKGE6pONH2terYNa8REXiqixrMOkf1sk5DHGMaUTqONU2YkS4SAXBhLStgw=="
      },
      "Microsoft.Bcl.AsyncInterfaces": {
        "type": "Transitive",
        "resolved": "10.0.10",
        "contentHash": "TFI6OKYE1XZz4SGuTSH70c6SBdPpFktXsoa1gCxTr3mKrhmXirnvaS0tKz+J3ZWICEAmMpEGn59nO4ICtUpQXA=="
      },
      "Microsoft.CodeCoverage": {
        "type": "Transitive",
        "resolved": "18.8.1",
        "contentHash": "Eclse/ZZjr4lmWzZFNN9h/OluhKL+SK/QbUyKUewgX139aGeyMEO/DkMPwuFs2MixvanTnz6891rF8UHDg+W4Q=="
      },
      "Microsoft.Extensions.DependencyInjection.Abstractions": {
        "type": "Transitive",
        "resolved": "8.0.2",
        "contentHash": "3iE7UF7MQkCv1cxzCahz+Y/guQbTqieyxyaWKhrRO91itI9cOKO76OHeQDahqG4MmW5umr3CcCvGmK92lWNlbg=="
      },
      "Microsoft.Extensions.Logging.Abstractions": {
        "type": "Transitive",
        "resolved": "8.0.3",
        "contentHash": "dL0QGToTxggRLMYY4ZYX5AMwBb+byQBd/5dMiZE07Nv73o6I5Are3C7eQTh7K2+A4ct0PVISSr7TZANbiNb2yQ==",
        "dependencies": {
          "Microsoft.Extensions.DependencyInjection.Abstractions": "8.0.2"
        }
      },
      "Microsoft.Testing.Extensions.Telemetry": {
        "type": "Transitive",
        "resolved": "1.9.1",
        "contentHash": "No5AudZMmSb+uNXjlgL2y3/stHD2IT4uxqc5yHwkE+/nNux9jbKcaJMvcp9SwgP4DVD8L9/P3OUz8mmmcvEIdQ==",
        "dependencies": {
          "Microsoft.ApplicationInsights": "2.23.0",
          "Microsoft.Testing.Platform": "1.9.1"
        }
      },
      "Microsoft.Testing.Extensions.TrxReport.Abstractions": {
        "type": "Transitive",
        "resolved": "1.9.1",
        "contentHash": "AL46Xe1WBi85Ntd4mNPvat5ZSsZ2uejiVqoKCypr8J3wK0elA5xJ3AN4G/Q4GIwzUFnggZoH/DBjnr9J18IO/g==",
        "dependencies": {
          "Microsoft.Testing.Platform": "1.9.1"
        }
      },
      "Microsoft.Testing.Platform": {
        "type": "Transitive",
        "resolved": "1.9.1",
        "contentHash": "QafNtNSmEI0zazdebnsIkDKmFtTSpmx/5PLOjURWwozcPb3tvRxzosQSL8xwYNM1iPhhKiBksXZyRSE2COisrA=="
      },
      "Microsoft.Testing.Platform.MSBuild": {
        "type": "Transitive",
        "resolved": "1.9.1",
        "contentHash": "oTUtyR4X/s9ytuiNA29FGsNCCH0rNmY5Wdm14NCKLjTM1cT9edVSlA+rGS/mVmusPqcP0l/x9qOnMXg16v87RQ==",
        "dependencies": {
          "Microsoft.Testing.Platform": "1.9.1"
        }
      },
      "Microsoft.TestPlatform.ObjectModel": {
        "type": "Transitive",
        "resolved": "18.8.1",
        "contentHash": "qLbktNB1+b1XZLNJBTzaWVVJAd6PEzD7cgD406geMb6PcFZhp3EDNa1tctWx1+mtMU6MP/6ozVvFPC9vs2a9rw=="
      },
      "Microsoft.TestPlatform.TestHost": {
        "type": "Transitive",
        "resolved": "18.8.1",
        "contentHash": "FaQHPDTUOcE+SFTjssNPfrub2lT9Zyon4J2W/KLHt/efLJACb1TCeWXyOgh0D/4Q1e4n+S3E6mOKud+9nLZlEA==",
        "dependencies": {
          "Microsoft.TestPlatform.ObjectModel": "18.8.1"
        }
      },
      "Microsoft.Win32.Registry": {
        "type": "Transitive",
        "resolved": "5.0.0",
        "contentHash": "dDoKi0PnDz31yAyETfRntsLArTlVAVzUzCIvvEDsDsucrl33Dl8pIJG06ePTJTI3tGpeyHS9Cq7Foc/s4EeKcg=="
      },
      "SharpZipLib": {
        "type": "Transitive",
        "resolved": "1.4.2",
        "contentHash": "yjj+3zgz8zgXpiiC3ZdF/iyTBbz2fFvMxZFEBPUcwZjIvXOf37Ylm+K58hqMfIBt5JgU/Z2uoUS67JmTLe973A=="
      },
      "SimpleInfoName": {
        "type": "Transitive",
        "resolved": "3.2.0",
        "contentHash": "K8ivHRbPWfncijk62Dan/r/z55gwq3aFzqB6yFlD9X0bbpIaacHyHH2cpcIdz0FECUpERUZTwxts0z4gRWpQpA=="
      },
      "SSH.NET": {
        "type": "Transitive",
        "resolved": "2025.1.0",
        "contentHash": "jrnbtf0ItVaXAe6jE8X/kSLa6uC+0C+7W1vepcnRQB/rD88qy4IxG7Lf1FIbWmkoc4iVXv0pKrz+Wc6J4ngmHw==",
        "dependencies": {
          "BouncyCastle.Cryptography": "2.6.2",
          "Microsoft.Extensions.Logging.Abstractions": "8.0.3"
        }
      },
      "Verify": {
        "type": "Transitive",
        "resolved": "31.28.0",
        "contentHash": "rPmMCEEcTzui+yGYQfrloUutPC5ZK0NOBdP1tpTbf+TzU35lWSlzmDzD78Os2eN5FAWPwXy89LxQLqNqEDaVaw==",
        "dependencies": {
          "Argon": "0.35.2",
          "DiffEngine": "19.3.3",
          "SimpleInfoName": "3.2.0"
        }
      },
      "xunit.analyzers": {
        "type": "Transitive",
        "resolved": "1.27.0",
        "contentHash": "y/pxIQaLvk/kxAoDkZW9GnHLCEqzwl5TW0vtX3pweyQpjizB9y3DXhb9pkw2dGeUqhLjsxvvJM1k89JowU6z3g=="
      },
      "xunit.v3.assert": {
        "type": "Transitive",
        "resolved": "3.2.2",
        "contentHash": "BPciBghgEEaJN/JG00QfCYDfEfnLgQhfnYEy+j1izoeHVNYd5+3Wm8GJ6JgYysOhpBPYGE+sbf75JtrRc7jrdA=="
      },
      "xunit.v3.common": {
        "type": "Transitive",
        "resolved": "3.2.2",
        "contentHash": "Hj775PEH6GTbbg0wfKRvG2hNspDCvTH9irXhH4qIWgdrOSV1sQlqPie+DOvFeigsFg2fxSM3ZAaaCDQs+KreFA==",
        "dependencies": {
          "Microsoft.Bcl.AsyncInterfaces": "6.0.0"
        }
      },
      "xunit.v3.core.mtp-v1": {
        "type": "Transitive",
        "resolved": "3.2.2",
        "contentHash": "Ga5aA2Ca9ktz+5k3g5ukzwfexwoqwDUpV6z7atSEUvqtd6JuybU1XopHqg1oFd78QdTfZgZE9h5sHpO4qYIi5w==",
        "dependencies": {
          "Microsoft.Testing.Extensions.Telemetry": "1.9.1",
          "Microsoft.Testing.Extensions.TrxReport.Abstractions": "1.9.1",
          "Microsoft.Testing.Platform": "1.9.1",
          "Microsoft.Testing.Platform.MSBuild": "1.9.1",
          "xunit.v3.extensibility.core": "[3.2.2]",
          "xunit.v3.runner.inproc.console": "[3.2.2]"
        }
      },
      "xunit.v3.extensibility.core": {
        "type": "Transitive",
        "resolved": "3.2.2",
        "contentHash": "srY8z/oMPvh/t8axtO2DwrHajhFMH7tnqKildvYrVQIfICi8fOn3yIBWkVPAcrKmHMwvXRJ/XsQM3VMR6DOYfQ==",
        "dependencies": {
          "xunit.v3.common": "[3.2.2]"
        }
      },
      "xunit.v3.mtp-v1": {
        "type": "Transitive",
        "resolved": "3.2.2",
        "contentHash": "O41aAzYKBT5PWqATa1oEWVNCyEUypFQ4va6K0kz37dduV3EKzXNMaV2UnEhufzU4Cce1I33gg0oldS8tGL5I0A==",
        "dependencies": {
          "xunit.analyzers": "1.27.0",
          "xunit.v3.assert": "[3.2.2]",
          "xunit.v3.core.mtp-v1": "[3.2.2]"
        }
      },
      "xunit.v3.runner.common": {
        "type": "Transitive",
        "resolved": "3.2.2",
        "contentHash": "/hkHkQCzGrugelOAehprm7RIWdsUFVmIVaD6jDH/8DNGCymTlKKPTbGokD5czbAfqfex47mBP0sb0zbHYwrO/g==",
        "dependencies": {
          "Microsoft.Win32.Registry": "[5.0.0]",
          "xunit.v3.common": "[3.2.2]"
        }
      },
      "xunit.v3.runner.inproc.console": {
        "type": "Transitive",
        "resolved": "3.2.2",
        "contentHash": "ulWOdSvCk+bPXijJZ73bth9NyoOHsAs1ZOvamYbCkD4DNLX/Bd29Ve2ZNUwBbK0MqfIYWXHZViy/HKrdEC/izw==",
        "dependencies": {
          "xunit.v3.extensibility.core": "[3.2.2]",
          "xunit.v3.runner.common": "[3.2.2]"
        }
      }
    }
  }
}